
Microsoft Visual Studio Solution File, Format Version 12.00
# Visual Studio 15
VisualStudioVersion = 15.0.26430.13
MinimumVisualStudioVersion = 10.0.40219.1
Project("{FAE04EC0-301F-11D3-BF4B-00C04F79EFBC}") = "PrimeFactors", "PrimeFactors\PrimeFactors.csproj", "{ED4EEF22-4659-499D-BD7B-59CF95463BEC}"
EndProject
Project("{FAE04EC0-301F-11D3-BF4B-00C04F79EFBC}") = "PrimeFactors.Tests", "PrimeFactors.Tests\PrimeFactors.Tests.csproj", "{2553D8FD-0F0B-4D79-ACB2-C5D474AFA8CE}"
EndProject
Global
	GlobalSection(SolutionConfigurationPlatforms) = preSolution
		Debug|Any CPU = Debug|Any CPU
		Release|Any CPU = Release|Any CPU
	EndGlobalSection
	GlobalSection(ProjectConfigurationPlatforms) = postSolution
		{ED4EEF22-4659-499D-BD7B-59CF95463BEC}.Debug|Any CPU.ActiveCfg = Debug|Any CPU
		{ED4EEF22-4659-499D-BD7B-59CF95463BEC}.Debug|Any CPU.Build.0 = Debug|Any CPU
		{ED4EEF22-4659-499D-BD7B-59CF95463BEC}.Release|Any CPU.ActiveCfg = Release|Any CPU
		{ED4EEF22-4659-499D-BD7B-59CF95463BEC}.Release|Any CPU.Build.0 = Release|Any CPU
		{2553D8FD-0F0B-4D79-ACB2-C5D474AFA8CE}.Debug|Any CPU.ActiveCfg = Debug|Any CPU
		{2553D8FD-0F0B-4D79-ACB2-C5D474AFA8CE}.Debug|Any CPU.Build.0 = Debug|Any CPU
		{2553D8FD-0F0B-4D79-ACB2-C5D474AFA8CE}.Release|Any CPU.ActiveCfg = Release|Any CPU
		{2553D8FD-0F0B-4D79-ACB2-C5D474AFA8CE}.Release|Any CPU.Build.0 = Release|Any CPU
	EndGlobalSection
	GlobalSection(SolutionProperties) = preSolution
		HideSolutionNode = FALSE
	EndGlobalSection
EndGlobal
